dependencies:
- name: grafana
  repository: https://grafana.github.io/helm-charts
  version: 9.2.7
- name: prometheus
  repository: https://prometheus-community.github.io/helm-charts
  version: 29.27.1
digest: sha256:3b017447fadde56d62a5effd70918711a52ea3e4da620855ee48fbb8e052d664
generated: "2026-09-05T10:19:48.436407135Z"
