dependencies:
- name: grafana
  repository: https://grafana.github.io/helm-charts
  version: 9.3.2
- name: prometheus
  repository: https://prometheus-community.github.io/helm-charts
  version: 25.29.0
digest: sha256:e6b68b1bc4112845b1f7b94e05517976b1499285ac3d047a9c332d01406819c2
generated: "2025-08-12T09:04:34.528625266Z"
