dependencies:
- name: grafana
  repository: https://grafana.github.io/helm-charts
  version: 9.2.7
- name: prometheus
  repository: https://prometheus-community.github.io/helm-charts
  version: 27.47.0
digest: sha256:650a9293561275e14a740095c2009b3e4f987dd51d9d007619a2177056fbeadf
generated: "2025-11-28T03:44:53.278801247Z"
