dependencies:
- name: cert-manager
  repository: https://charts.jetstack.io
  version: v1.19.4
- name: ingress-nginx
  repository: https://kubernetes.github.io/ingress-nginx
  version: 4.7.1
- name: strimzi-kafka-operator
  repository: https://strimzi.io/charts/
  version: 0.46.0
- name: kube-monkey
  repository: https://asobti.github.io/kube-monkey/charts/repo
  version: 1.5.2
- name: opentelemetry-collector
  repository: https://open-telemetry.github.io/opentelemetry-helm-charts
  version: 0.115.0
digest: sha256:e53a263965eb6fb3cc7bdf8d779c90567c04b5b05748167fc898fa9d17cbb940
generated: "2026-02-24T15:13:40.844972149Z"
