dependencies:
- name: cert-manager
  repository: https://charts.jetstack.io
  version: v1.17.1
- name: ingress-nginx
  repository: https://kubernetes.github.io/ingress-nginx
  version: 4.7.1
- name: strimzi-kafka-operator
  repository: https://strimzi.io/charts/
  version: 0.46.0
- name: kube-monkey
  repository: https://asobti.github.io/kube-monkey/charts/repo
  version: 1.5.2
- name: opentelemetry-collector
  repository: https://open-telemetry.github.io/opentelemetry-helm-charts
  version: 0.146.0
digest: sha256:4a06fd75ea3c7695298f187506cf3452bc0cefa442d2b6d6c23152fb59e8150a
generated: "2026-02-24T15:59:11.338736532Z"
