dependencies:
- name: cert-manager
  repository: https://charts.jetstack.io
  version: v1.17.1
- name: ingress-nginx
  repository: https://kubernetes.github.io/ingress-nginx
  version: 4.7.1
- name: strimzi-kafka-operator
  repository: https://strimzi.io/charts/
  version: 0.39.0
- name: kube-monkey
  repository: https://asobti.github.io/kube-monkey/charts/repo
  version: 1.5.2
- name: opentelemetry-collector
  repository: https://open-telemetry.github.io/opentelemetry-helm-charts
  version: 0.127.3
digest: sha256:b9977ccfa5bf2eba3852c769ef757c977dde5bee1117d3653f26d0b8621f9168
generated: "2025-07-11T00:14:44.473510818Z"
