dependencies:
- name: postgresql
  repository: https://charts.bitnami.com/bitnami
  version: 16.7.27
- name: lndmon
  repository: ""
  version: x.x.x
- name: lightning-terminal
  repository: ""
  version: x.x.x
digest: sha256:194d8208618d6986868743fb86cce80111f9acbfb5ed7e44a08457e946dd49ef
generated: "2025-10-08T07:59:10.386421+02:00"
