dependencies:
- name: redis
  repository: https://charts.bitnami.com/bitnami
  version: 21.2.11
- name: mongodb
  repository: https://charts.bitnami.com/bitnami
  version: 15.6.26
- name: postgresql
  repository: https://charts.bitnami.com/bitnami
  version: 16.4.16
- name: oathkeeper
  repository: https://k8s.ory.sh/helm/charts
  version: 0.39.1
- name: kratos
  repository: https://k8s.ory.sh/helm/charts
  version: 0.39.1
- name: hydra
  repository: https://k8s.ory.sh/helm/charts
  version: 0.47.0
- name: router
  repository: oci://ghcr.io/apollographql/helm-charts
  version: 1.25.0
digest: sha256:ffbf125b56cb15277afeb552f393a5b52076951ab2915c0fba21600c54dd8903
generated: "2025-07-15T18:25:01.43857071Z"
