dependencies:
- name: redis
  repository: https://charts.bitnami.com/bitnami
  version: 24.0.7
- name: mongodb
  repository: https://charts.bitnami.com/bitnami
  version: 15.6.26
- name: postgresql
  repository: https://charts.bitnami.com/bitnami
  version: 16.4.16
- name: oathkeeper
  repository: https://k8s.ory.sh/helm/charts
  version: 0.39.1
- name: kratos
  repository: https://k8s.ory.sh/helm/charts
  version: 0.39.1
- name: hydra
  repository: https://k8s.ory.sh/helm/charts
  version: 0.47.0
- name: router
  repository: oci://ghcr.io/apollographql/helm-charts
  version: 1.25.0
digest: sha256:ac6361f941ffb8771189d0ffb3a8b1ca68af12a2dcbf9bd9ba954216a3890b7c
generated: "2025-12-11T11:38:56.499831747Z"
