dependencies:
- name: redis
  repository: https://charts.bitnami.com/bitnami
  version: 20.11.3
- name: mongodb
  repository: https://charts.bitnami.com/bitnami
  version: 16.5.32
- name: postgresql
  repository: https://charts.bitnami.com/bitnami
  version: 16.4.16
- name: oathkeeper
  repository: https://k8s.ory.sh/helm/charts
  version: 0.39.1
- name: kratos
  repository: https://k8s.ory.sh/helm/charts
  version: 0.39.1
- name: hydra
  repository: https://k8s.ory.sh/helm/charts
  version: 0.47.0
- name: router
  repository: oci://ghcr.io/apollographql/helm-charts
  version: 1.25.0
digest: sha256:3e37d211d208ef7cebac1d683918d6521030a54a201059514736c6ce72445695
generated: "2025-07-17T14:41:41.829757043Z"
